
Microsoft Visual Studio Solution File, Format Version 12.00
# Visual Studio Version 17
VisualStudioVersion = 17.7.34031.279
MinimumVisualStudioVersion = 10.0.40219.1
Project("{9A19103F-16F7-4668-BE54-9A1E7A4F7556}") = "MusicServerAPI", "MusicServerAPI.csproj", "{1A970BE5-2A12-41BF-A18E-242FB3501F1B}"
EndProject
Global
	GlobalSection(SolutionConfigurationPlatforms) = preSolution
		Debug|Any CPU = Debug|Any CPU
		Release|Any CPU = Release|Any CPU
	EndGlobalSection
	GlobalSection(ProjectConfigurationPlatforms) = postSolution
		{1A970BE5-2A12-41BF-A18E-242FB3501F1B}.Debug|Any CPU.ActiveCfg = Debug|Any CPU
		{1A970BE5-2A12-41BF-A18E-242FB3501F1B}.Debug|Any CPU.Build.0 = Debug|Any CPU
		{1A970BE5-2A12-41BF-A18E-242FB3501F1B}.Release|Any CPU.ActiveCfg = Release|Any CPU
		{1A970BE5-2A12-41BF-A18E-242FB3501F1B}.Release|Any CPU.Build.0 = Release|Any CPU
	EndGlobalSection
	GlobalSection(SolutionProperties) = preSolution
		HideSolutionNode = FALSE
	EndGlobalSection
	GlobalSection(ExtensibilityGlobals) = postSolution
		SolutionGuid = {D20BC679-B5BB-42F4-AFA7-CF19E9FA409E}
	EndGlobalSection
EndGlobal
