
Microsoft Visual Studio Solution File, Format Version 12.00
# Visual Studio Version 17
VisualStudioVersion = 17.7.34202.233
MinimumVisualStudioVersion = 10.0.40219.1
Project("{9A19103F-16F7-4668-BE54-9A1E7A4F7556}") = "UserService", "UserService.csproj", "{DCDFD5AA-EC68-48B0-AF06-867A61495B6B}"
EndProject
Global
	GlobalSection(SolutionConfigurationPlatforms) = preSolution
		Debug|Any CPU = Debug|Any CPU
		Release|Any CPU = Release|Any CPU
	EndGlobalSection
	GlobalSection(ProjectConfigurationPlatforms) = postSolution
		{DCDFD5AA-EC68-48B0-AF06-867A61495B6B}.Debug|Any CPU.ActiveCfg = Debug|Any CPU
		{DCDFD5AA-EC68-48B0-AF06-867A61495B6B}.Debug|Any CPU.Build.0 = Debug|Any CPU
		{DCDFD5AA-EC68-48B0-AF06-867A61495B6B}.Release|Any CPU.ActiveCfg = Release|Any CPU
		{DCDFD5AA-EC68-48B0-AF06-867A61495B6B}.Release|Any CPU.Build.0 = Release|Any CPU
	EndGlobalSection
	GlobalSection(SolutionProperties) = preSolution
		HideSolutionNode = FALSE
	EndGlobalSection
	GlobalSection(ExtensibilityGlobals) = postSolution
		SolutionGuid = {BC2546E9-F214-42AA-946C-B4A3601618A9}
	EndGlobalSection
EndGlobal
